
Microsoft Visual Studio Solution File, Format Version 12.00
# Visual Studio 15
VisualStudioVersion = 15.0.27428.2005
MinimumVisualStudioVersion = 10.0.40219.1
Project("{9A19103F-16F7-4668-BE54-9A1E7A4F7556}") = "HousePriceScraper", "HousePriceScraper\HousePriceScraper.csproj", "{9F2246E0-9725-45F1-88FC-1095DC8303C6}"
EndProject
Project("{9A19103F-16F7-4668-BE54-9A1E7A4F7556}") = "HouseDataCleansing", "HouseDataCleansing\HouseDataCleansing.csproj", "{79DA87FD-12C4-4981-AF41-7ACEED4A635C}"
EndProject
Project("{9A19103F-16F7-4668-BE54-9A1E7A4F7556}") = "API", "API\API.csproj", "{828EBD01-B70B-4931-8470-0482AD01C77F}"
EndProject
Project("{888888A0-9F3D-457C-B088-3A5042F75D52}") = "Model", "Model\Model.pyproj", "{A58BEBFC-96C0-496F-9386-12BF811A541E}"
EndProject
Project("{FAE04EC0-301F-11D3-BF4B-00C04F79EFBC}") = "GrpcContracts", "GrpcContracts\GrpcContracts.csproj", "{5778859C-96BB-4573-9FC5-3CD8A98A062B}"
EndProject
Global
	GlobalSection(SolutionConfigurationPlatforms) = preSolution
		Debug|Any CPU = Debug|Any CPU
		Release|Any CPU = Release|Any CPU
	EndGlobalSection
	GlobalSection(ProjectConfigurationPlatforms) = postSolution
		{9F2246E0-9725-45F1-88FC-1095DC8303C6}.Debug|Any CPU.ActiveCfg = Debug|Any CPU
		{9F2246E0-9725-45F1-88FC-1095DC8303C6}.Debug|Any CPU.Build.0 = Debug|Any CPU
		{9F2246E0-9725-45F1-88FC-1095DC8303C6}.Release|Any CPU.ActiveCfg = Release|Any CPU
		{9F2246E0-9725-45F1-88FC-1095DC8303C6}.Release|Any CPU.Build.0 = Release|Any CPU
		{79DA87FD-12C4-4981-AF41-7ACEED4A635C}.Debug|Any CPU.ActiveCfg = Debug|Any CPU
		{79DA87FD-12C4-4981-AF41-7ACEED4A635C}.Debug|Any CPU.Build.0 = Debug|Any CPU
		{79DA87FD-12C4-4981-AF41-7ACEED4A635C}.Release|Any CPU.ActiveCfg = Release|Any CPU
		{79DA87FD-12C4-4981-AF41-7ACEED4A635C}.Release|Any CPU.Build.0 = Release|Any CPU
		{828EBD01-B70B-4931-8470-0482AD01C77F}.Debug|Any CPU.ActiveCfg = Debug|Any CPU
		{828EBD01-B70B-4931-8470-0482AD01C77F}.Debug|Any CPU.Build.0 = Debug|Any CPU
		{828EBD01-B70B-4931-8470-0482AD01C77F}.Release|Any CPU.ActiveCfg = Release|Any CPU
		{828EBD01-B70B-4931-8470-0482AD01C77F}.Release|Any CPU.Build.0 = Release|Any CPU
		{A58BEBFC-96C0-496F-9386-12BF811A541E}.Debug|Any CPU.ActiveCfg = Debug|Any CPU
		{A58BEBFC-96C0-496F-9386-12BF811A541E}.Release|Any CPU.ActiveCfg = Release|Any CPU
		{5778859C-96BB-4573-9FC5-3CD8A98A062B}.Debug|Any CPU.ActiveCfg = Debug|Any CPU
		{5778859C-96BB-4573-9FC5-3CD8A98A062B}.Debug|Any CPU.Build.0 = Debug|Any CPU
		{5778859C-96BB-4573-9FC5-3CD8A98A062B}.Release|Any CPU.ActiveCfg = Release|Any CPU
		{5778859C-96BB-4573-9FC5-3CD8A98A062B}.Release|Any CPU.Build.0 = Release|Any CPU
	EndGlobalSection
	GlobalSection(SolutionProperties) = preSolution
		HideSolutionNode = FALSE
	EndGlobalSection
	GlobalSection(ExtensibilityGlobals) = postSolution
		SolutionGuid = {D1592EB1-5E36-4069-8A87-1287E4355C4F}
	EndGlobalSection
EndGlobal
