
Microsoft Visual Studio Solution File, Format Version 12.00
# Visual Studio 15
VisualStudioVersion = 15.0.27428.2011
MinimumVisualStudioVersion = 10.0.40219.1
Project("{FAE04EC0-301F-11D3-BF4B-00C04F79EFBC}") = "UnitTest", "UnitTest\UnitTest.csproj", "{368B3EC3-20E9-4748-BD97-DC94E3346A82}"
EndProject
Global
	GlobalSection(SolutionConfigurationPlatforms) = preSolution
		Debug|Any CPU = Debug|Any CPU
		Release|Any CPU = Release|Any CPU
	EndGlobalSection
	GlobalSection(ProjectConfigurationPlatforms) = postSolution
		{368B3EC3-20E9-4748-BD97-DC94E3346A82}.Debug|Any CPU.ActiveCfg = Debug|Any CPU
		{368B3EC3-20E9-4748-BD97-DC94E3346A82}.Debug|Any CPU.Build.0 = Debug|Any CPU
		{368B3EC3-20E9-4748-BD97-DC94E3346A82}.Release|Any CPU.ActiveCfg = Release|Any CPU
		{368B3EC3-20E9-4748-BD97-DC94E3346A82}.Release|Any CPU.Build.0 = Release|Any CPU
	EndGlobalSection
	GlobalSection(SolutionProperties) = preSolution
		HideSolutionNode = FALSE
	EndGlobalSection
	GlobalSection(ExtensibilityGlobals) = postSolution
		SolutionGuid = {9D0CE513-63DC-448F-AAF3-ED27F1750AB3}
	EndGlobalSection
EndGlobal
